
Microsoft Visual Studio Solution File, Format Version 12.00
# Visual Studio 2013
VisualStudioVersion = 12.0.40629.0
MinimumVisualStudioVersion = 10.0.40219.1
Project("{8BC9CEB8-8B4A-11D0-8D11-00A0C91BC942}") = "Presentation", "Presentation\Presentation.vcxproj", "{DBF8572E-F43B-4D54-9B89-CD8888E65AF6}"
	ProjectSection(ProjectDependencies) = postProject
		{035901A4-F61F-41C7-9539-A3C4AAA28D72} = {035901A4-F61F-41C7-9539-A3C4AAA28D72}
	EndProjectSection
EndProject
Project("{8BC9CEB8-8B4A-11D0-8D11-00A0C91BC942}") = "rwCollision", "rwCollision\rwCollision.vcxproj", "{B3C5A767-5014-429F-A47C-EDAB4F998C07}"
	ProjectSection(ProjectDependencies) = postProject
		{035901A4-F61F-41C7-9539-A3C4AAA28D72} = {035901A4-F61F-41C7-9539-A3C4AAA28D72}
	EndProjectSection
EndProject
Project("{8BC9CEB8-8B4A-11D0-8D11-00A0C91BC942}") = "Tests", "Tests\Tests.vcxproj", "{245410D5-8651-4B82-9B0B-7C91C8DD39AE}"
	ProjectSection(ProjectDependencies) = postProject
		{035901A4-F61F-41C7-9539-A3C4AAA28D72} = {035901A4-F61F-41C7-9539-A3C4AAA28D72}
		{64A4FEFE-0461-4E95-8CC1-91EF5F57DBC6} = {64A4FEFE-0461-4E95-8CC1-91EF5F57DBC6}
	EndProjectSection
EndProject
Project("{8BC9CEB8-8B4A-11D0-8D11-00A0C91BC942}") = "rwCommon", "..\rwCommon\rwCommon\rwCommon.vcxproj", "{035901A4-F61F-41C7-9539-A3C4AAA28D72}"
EndProject
Project("{8BC9CEB8-8B4A-11D0-8D11-00A0C91BC942}") = "UnitTest++.vsnet2005", "UnitTest++\UnitTest++.vsnet2005.vcxproj", "{64A4FEFE-0461-4E95-8CC1-91EF5F57DBC6}"
EndProject
Global
	GlobalSection(SolutionConfigurationPlatforms) = preSolution
		Debug|Win32 = Debug|Win32
		Release|Win32 = Release|Win32
	EndGlobalSection
	GlobalSection(ProjectConfigurationPlatforms) = postSolution
		{DBF8572E-F43B-4D54-9B89-CD8888E65AF6}.Debug|Win32.ActiveCfg = Debug|Win32
		{DBF8572E-F43B-4D54-9B89-CD8888E65AF6}.Debug|Win32.Build.0 = Debug|Win32
		{DBF8572E-F43B-4D54-9B89-CD8888E65AF6}.Release|Win32.ActiveCfg = Release|Win32
		{DBF8572E-F43B-4D54-9B89-CD8888E65AF6}.Release|Win32.Build.0 = Release|Win32
		{B3C5A767-5014-429F-A47C-EDAB4F998C07}.Debug|Win32.ActiveCfg = Debug|Win32
		{B3C5A767-5014-429F-A47C-EDAB4F998C07}.Debug|Win32.Build.0 = Debug|Win32
		{B3C5A767-5014-429F-A47C-EDAB4F998C07}.Release|Win32.ActiveCfg = Release|Win32
		{B3C5A767-5014-429F-A47C-EDAB4F998C07}.Release|Win32.Build.0 = Release|Win32
		{245410D5-8651-4B82-9B0B-7C91C8DD39AE}.Debug|Win32.ActiveCfg = Debug|Win32
		{245410D5-8651-4B82-9B0B-7C91C8DD39AE}.Debug|Win32.Build.0 = Debug|Win32
		{245410D5-8651-4B82-9B0B-7C91C8DD39AE}.Release|Win32.ActiveCfg = Release|Win32
		{245410D5-8651-4B82-9B0B-7C91C8DD39AE}.Release|Win32.Build.0 = Release|Win32
		{035901A4-F61F-41C7-9539-A3C4AAA28D72}.Debug|Win32.ActiveCfg = Debug|Win32
		{035901A4-F61F-41C7-9539-A3C4AAA28D72}.Debug|Win32.Build.0 = Debug|Win32
		{035901A4-F61F-41C7-9539-A3C4AAA28D72}.Release|Win32.ActiveCfg = Release|Win32
		{035901A4-F61F-41C7-9539-A3C4AAA28D72}.Release|Win32.Build.0 = Release|Win32
		{64A4FEFE-0461-4E95-8CC1-91EF5F57DBC6}.Debug|Win32.ActiveCfg = Debug|Win32
		{64A4FEFE-0461-4E95-8CC1-91EF5F57DBC6}.Debug|Win32.Build.0 = Debug|Win32
		{64A4FEFE-0461-4E95-8CC1-91EF5F57DBC6}.Release|Win32.ActiveCfg = Release|Win32
		{64A4FEFE-0461-4E95-8CC1-91EF5F57DBC6}.Release|Win32.Build.0 = Release|Win32
	EndGlobalSection
	GlobalSection(SolutionProperties) = preSolution
		HideSolutionNode = FALSE
	EndGlobalSection
EndGlobal
